
Microsoft Visual Studio Solution File, Format Version 12.00
# Visual Studio Version 17
VisualStudioVersion = 17.5.002.0
MinimumVisualStudioVersion = 10.0.40219.1
Project("{2150E333-8FDC-42A3-9474-1A3956D46DE8}") = "Marrow", "Marrow", "{9363F8E5-388C-496C-AC83-1510A8713688}"
EndProject
Project("{9A19103F-16F7-4668-BE54-9A1E7A4F7556}") = "Marrow", "Marrow\Marrow\Marrow.csproj", "{F75B52E3-60FC-4027-A98D-28750A897F8C}"
EndProject
Project("{9A19103F-16F7-4668-BE54-9A1E7A4F7556}") = "Marrow.Gtk", "Marrow\Marrow.Gtk\Marrow.Gtk.csproj", "{1E03F3B9-9254-4D3A-9619-FE4F846D3FAF}"
EndProject
Project("{9A19103F-16F7-4668-BE54-9A1E7A4F7556}") = "Marrow.Mac", "Marrow\Marrow.Mac\Marrow.Mac.csproj", "{3D627F28-6EB6-448A-B004-F03C83CD7D3F}"
EndProject
Project("{9A19103F-16F7-4668-BE54-9A1E7A4F7556}") = "Marrow.Wpf", "Marrow\Marrow.Wpf\Marrow.Wpf.csproj", "{DB390551-7E58-4C0F-9F3D-434EC660CF5E}"
EndProject
Global
	GlobalSection(SolutionConfigurationPlatforms) = preSolution
		Debug|Any CPU = Debug|Any CPU
		Release|Any CPU = Release|Any CPU
	EndGlobalSection
	GlobalSection(ProjectConfigurationPlatforms) = postSolution
		{F75B52E3-60FC-4027-A98D-28750A897F8C}.Debug|Any CPU.ActiveCfg = Debug|Any CPU
		{F75B52E3-60FC-4027-A98D-28750A897F8C}.Debug|Any CPU.Build.0 = Debug|Any CPU
		{F75B52E3-60FC-4027-A98D-28750A897F8C}.Release|Any CPU.ActiveCfg = Release|Any CPU
		{F75B52E3-60FC-4027-A98D-28750A897F8C}.Release|Any CPU.Build.0 = Release|Any CPU
		{1E03F3B9-9254-4D3A-9619-FE4F846D3FAF}.Debug|Any CPU.ActiveCfg = Debug|Any CPU
		{1E03F3B9-9254-4D3A-9619-FE4F846D3FAF}.Debug|Any CPU.Build.0 = Debug|Any CPU
		{1E03F3B9-9254-4D3A-9619-FE4F846D3FAF}.Release|Any CPU.ActiveCfg = Release|Any CPU
		{1E03F3B9-9254-4D3A-9619-FE4F846D3FAF}.Release|Any CPU.Build.0 = Release|Any CPU
		{3D627F28-6EB6-448A-B004-F03C83CD7D3F}.Debug|Any CPU.ActiveCfg = Debug|Any CPU
		{3D627F28-6EB6-448A-B004-F03C83CD7D3F}.Debug|Any CPU.Build.0 = Debug|Any CPU
		{3D627F28-6EB6-448A-B004-F03C83CD7D3F}.Release|Any CPU.ActiveCfg = Release|Any CPU
		{3D627F28-6EB6-448A-B004-F03C83CD7D3F}.Release|Any CPU.Build.0 = Release|Any CPU
		{DB390551-7E58-4C0F-9F3D-434EC660CF5E}.Debug|Any CPU.ActiveCfg = Debug|Any CPU
		{DB390551-7E58-4C0F-9F3D-434EC660CF5E}.Debug|Any CPU.Build.0 = Debug|Any CPU
		{DB390551-7E58-4C0F-9F3D-434EC660CF5E}.Release|Any CPU.ActiveCfg = Release|Any CPU
		{DB390551-7E58-4C0F-9F3D-434EC660CF5E}.Release|Any CPU.Build.0 = Release|Any CPU
	EndGlobalSection
	GlobalSection(SolutionProperties) = preSolution
		HideSolutionNode = FALSE
	EndGlobalSection
	GlobalSection(NestedProjects) = preSolution
		{F75B52E3-60FC-4027-A98D-28750A897F8C} = {9363F8E5-388C-496C-AC83-1510A8713688}
		{1E03F3B9-9254-4D3A-9619-FE4F846D3FAF} = {9363F8E5-388C-496C-AC83-1510A8713688}
		{3D627F28-6EB6-448A-B004-F03C83CD7D3F} = {9363F8E5-388C-496C-AC83-1510A8713688}
		{DB390551-7E58-4C0F-9F3D-434EC660CF5E} = {9363F8E5-388C-496C-AC83-1510A8713688}
	EndGlobalSection
	GlobalSection(ExtensibilityGlobals) = postSolution
		SolutionGuid = {271C17D4-7910-489B-B48B-96509A077263}
	EndGlobalSection
EndGlobal
